
Microsoft Visual Studio Solution File, Format Version 12.00
# Visual Studio 14
VisualStudioVersion = 14.0.23107.0
MinimumVisualStudioVersion = 10.0.40219.1
Project("{FAE04EC0-301F-11D3-BF4B-00C04F79EFBC}") = "9_10_11_MediaPlayer", "9_10_11_MediaPlayer\9_10_11_MediaPlayer.csproj", "{D94679E2-0376-4E4D-A6FA-9A00D647B91D}"
EndProject
Global
	GlobalSection(SolutionConfigurationPlatforms) = preSolution
		Debug|Any CPU = Debug|Any CPU
		Release|Any CPU = Release|Any CPU
	EndGlobalSection
	GlobalSection(ProjectConfigurationPlatforms) = postSolution
		{D94679E2-0376-4E4D-A6FA-9A00D647B91D}.Debug|Any CPU.ActiveCfg = Debug|Any CPU
		{D94679E2-0376-4E4D-A6FA-9A00D647B91D}.Debug|Any CPU.Build.0 = Debug|Any CPU
		{D94679E2-0376-4E4D-A6FA-9A00D647B91D}.Release|Any CPU.ActiveCfg = Release|Any CPU
		{D94679E2-0376-4E4D-A6FA-9A00D647B91D}.Release|Any CPU.Build.0 = Release|Any CPU
	EndGlobalSection
	GlobalSection(SolutionProperties) = preSolution
		HideSolutionNode = FALSE
	EndGlobalSection
EndGlobal
